
Microsoft Visual Studio Solution File, Format Version 10.00
# Visual Studio 2008
Project("{FAE04EC0-301F-11D3-BF4B-00C04F79EFBC}") = "TreasurePlayer", "TreasurePlayer\TreasurePlayer.csproj", "{DFBDD847-2D66-4786-8DED-EAA3CA84A8B5}"
EndProject
Global
	GlobalSection(SolutionConfigurationPlatforms) = preSolution
		Debug|x86 = Debug|x86
		Release|x86 = Release|x86
	EndGlobalSection
	GlobalSection(ProjectConfigurationPlatforms) = postSolution
		{DFBDD847-2D66-4786-8DED-EAA3CA84A8B5}.Debug|x86.ActiveCfg = Debug|x86
		{DFBDD847-2D66-4786-8DED-EAA3CA84A8B5}.Debug|x86.Build.0 = Debug|x86
		{DFBDD847-2D66-4786-8DED-EAA3CA84A8B5}.Release|x86.ActiveCfg = Release|x86
		{DFBDD847-2D66-4786-8DED-EAA3CA84A8B5}.Release|x86.Build.0 = Release|x86
		{D045C1D4-031A-4ACD-839D-1B45A71B47A5}.Debug|x86.ActiveCfg = Debug|x86
		{D045C1D4-031A-4ACD-839D-1B45A71B47A5}.Release|x86.ActiveCfg = Release|x86
	EndGlobalSection
	GlobalSection(SolutionProperties) = preSolution
		HideSolutionNode = FALSE
	EndGlobalSection
EndGlobal
